# THIS IS AN AUTOGENERATED FILE. DO NOT EDIT THIS FILE DIRECTLY.
# yarn lockfile v1


"@fluentui/svg-icons@^1.1.198":
  version "1.1.198"
  resolved "https://registry.yarnpkg.com/@fluentui/svg-icons/-/svg-icons-1.1.198.tgz#9f73e6bd46db1a48b0be7cb724493191a3fb0900"
  integrity sha512-mjbHwrosuWyFG3NWYLKXCK9FcXv4GCQYY1yELgg1a8yc3vcaslD9lvjXJM5qO7ht6q0zV9JyrCS2hA4hjTKhqw==
